Microsoft Visual Studio Solution File, Format Version 12.00
# Visual Studio 15
VisualStudioVersion = 15.0.28307.1169
MinimumVisualStudioVersion = 10.0.40219.1
Project("{FAE04EC0-301F-11D3-BF4B-00C04F79EFBC}") = "TRMDataManager", "TRMDataManager\TRMDataManager.csproj", "{4130521B-8F51-478E-BB3D-1A49A3DED0AB}"
EndProject
Project("{00D1A9C2-B5F0-4AF3-8072-F6C62B433612}") = "TRMData", "TRMData\TRMData.sqlproj", "{DF69CC0E-FB6E-463F-879A-7CED40BCA35B}"
EndProject
Project("{FAE04EC0-301F-11D3-BF4B-00C04F79EFBC}") = "TRMDesktopUI", "TRMDesktopUI\TRMDesktopUI.csproj", "{4DD7AE46-4C7A-4EE1-AEE9-74C381A915B9}"
EndProject
Project("{FAE04EC0-301F-11D3-BF4B-00C04F79EFBC}") = "TRMDataManager.Library", "TRMDataManager.Library\TRMDataManager.Library.csproj", "{3B2A3FEF-4FC2-49DA-9930-E4264841049A}"
EndProject
Project("{FAE04EC0-301F-11D3-BF4B-00C04F79EFBC}") = "TRMDesktopUI.Library", "TRMDesktopUI.Library\TRMDesktopUI.Library.csproj", "{90086431-CB10-46A8-A11D-7FC8D6FFAA60}"
EndProject
Project("{2150E333-8FDC-42A3-9474-1A3956D46DE8}") = "Database", "Database", "{569CF105-73E3-4520-B50C-57BDF0EE87A0}"
EndProject
Project("{2150E333-8FDC-42A3-9474-1A3956D46DE8}") = "API", "API", "{669FE4BA-9AD7-4CF0-ADF4-CC8BC34241D4}"
EndProject
Project("{2150E333-8FDC-42A3-9474-1A3956D46DE8}") = "WPF", "WPF", "{BD45D67B-67FE-4691-A25F-A6E3A06BB314}"
EndProject
Project("{FAE04EC0-301F-11D3-BF4B-00C04F79EFBC}") = "TRMApi", "TRMApi\TRMApi.csproj", "{1E08EC8E-6538-42A0-AB22-FA84FD80054A}"
EndProject
Global
	GlobalSection(SolutionConfigurationPlatforms) = preSolution
		Debug|Any CPU = Debug|Any CPU
		Release|Any CPU = Release|Any CPU
	EndGlobalSection
	GlobalSection(ProjectConfigurationPlatforms) = postSolution
		{4130521B-8F51-478E-BB3D-1A49A3DED0AB}.Debug|Any CPU.ActiveCfg = Debug|Any CPU
		{4130521B-8F51-478E-BB3D-1A49A3DED0AB}.Debug|Any CPU.Build.0 = Debug|Any CPU
		{4130521B-8F51-478E-BB3D-1A49A3DED0AB}.Release|Any CPU.ActiveCfg = Release|Any CPU
		{4130521B-8F51-478E-BB3D-1A49A3DED0AB}.Release|Any CPU.Build.0 = Release|Any CPU
		{DF69CC0E-FB6E-463F-879A-7CED40BCA35B}.Debug|Any CPU.ActiveCfg = Debug|Any CPU
		{DF69CC0E-FB6E-463F-879A-7CED40BCA35B}.Debug|Any CPU.Build.0 = Debug|Any CPU
		{DF69CC0E-FB6E-463F-879A-7CED40BCA35B}.Debug|Any CPU.Deploy.0 = Debug|Any CPU
		{DF69CC0E-FB6E-463F-879A-7CED40BCA35B}.Release|Any CPU.ActiveCfg = Release|Any CPU
		{DF69CC0E-FB6E-463F-879A-7CED40BCA35B}.Release|Any CPU.Build.0 = Release|Any CPU
		{DF69CC0E-FB6E-463F-879A-7CED40BCA35B}.Release|Any CPU.Deploy.0 = Release|Any CPU
		{4DD7AE46-4C7A-4EE1-AEE9-74C381A915B9}.Debug|Any CPU.ActiveCfg = Debug|Any CPU
		{4DD7AE46-4C7A-4EE1-AEE9-74C381A915B9}.Debug|Any CPU.Build.0 = Debug|Any CPU
		{4DD7AE46-4C7A-4EE1-AEE9-74C381A915B9}.Release|Any CPU.ActiveCfg = Release|Any CPU
		{4DD7AE46-4C7A-4EE1-AEE9-74C381A915B9}.Release|Any CPU.Build.0 = Release|Any CPU
		{3B2A3FEF-4FC2-49DA-9930-E4264841049A}.Debug|Any CPU.ActiveCfg = Debug|Any CPU
		{3B2A3FEF-4FC2-49DA-9930-E4264841049A}.Debug|Any CPU.Build.0 = Debug|Any CPU
		{3B2A3FEF-4FC2-49DA-9930-E4264841049A}.Release|Any CPU.ActiveCfg = Release|Any CPU
		{3B2A3FEF-4FC2-49DA-9930-E4264841049A}.Release|Any CPU.Build.0 = Release|Any CPU
		{90086431-CB10-46A8-A11D-7FC8D6FFAA60}.Debug|Any CPU.ActiveCfg = Debug|Any CPU
		{90086431-CB10-46A8-A11D-7FC8D6FFAA60}.Debug|Any CPU.Build.0 = Debug|Any CPU
		{90086431-CB10-46A8-A11D-7FC8D6FFAA60}.Release|Any CPU.ActiveCfg = Release|Any CPU
		{90086431-CB10-46A8-A11D-7FC8D6FFAA60}.Release|Any CPU.Build.0 = Release|Any CPU
		{1E08EC8E-6538-42A0-AB22-FA84FD80054A}.Debug|Any CPU.ActiveCfg = Debug|Any CPU
		{1E08EC8E-6538-42A0-AB22-FA84FD80054A}.Debug|Any CPU.Build.0 = Debug|Any CPU
		{1E08EC8E-6538-42A0-AB22-FA84FD80054A}.Release|Any CPU.ActiveCfg = Release|Any CPU
		{1E08EC8E-6538-42A0-AB22-FA84FD80054A}.Release|Any CPU.Build.0 = Release|Any CPU
	EndGlobalSection
	GlobalSection(SolutionProperties) = preSolution
		HideSolutionNode = FALSE
	EndGlobalSection
	GlobalSection(NestedProjects) = preSolution
		{4130521B-8F51-478E-BB3D-1A49A3DED0AB} = {669FE4BA-9AD7-4CF0-ADF4-CC8BC34241D4}
		{DF69CC0E-FB6E-463F-879A-7CED40BCA35B} = {569CF105-73E3-4520-B50C-57BDF0EE87A0}
		{4DD7AE46-4C7A-4EE1-AEE9-74C381A915B9} = {BD45D67B-67FE-4691-A25F-A6E3A06BB314}
		{3B2A3FEF-4FC2-49DA-9930-E4264841049A} = {669FE4BA-9AD7-4CF0-ADF4-CC8BC34241D4}
		{90086431-CB10-46A8-A11D-7FC8D6FFAA60} = {BD45D67B-67FE-4691-A25F-A6E3A06BB314}
		{1E08EC8E-6538-42A0-AB22-FA84FD80054A} = {669FE4BA-9AD7-4CF0-ADF4-CC8BC34241D4}
	EndGlobalSection
	GlobalSection(ExtensibilityGlobals) = postSolution
		SolutionGuid = {72164828-57EF-47F3-BA57-AE0525D66797}
	EndGlobalSection
EndGlobal
